// !$*UTF8*$!
{
	archiveVersion = 1;
	classes = {
	};
	objectVersion = 46;
	objects = {

/* Begin PBXBuildFile section */
		218FAE7B19E17D7D00501D62 /* main.m in Sources */ = {isa = PBXBuildFile; fileRef = 218FAE7A19E17D7D00501D62 /* main.m */; };
		218FAE7E19E17D7D00501D62 /* AppDelegate.m in Sources */ = {isa = PBXBuildFile; fileRef = 218FAE7D19E17D7D00501D62 /* AppDelegate.m */; };
		218FAE8119E17D7D00501D62 /* TutoTableViewController.m in Sources */ = {isa = PBXBuildFile; fileRef = 218FAE8019E17D7D00501D62 /* TutoTableViewController.m */; };
		218FAE8419E17D7D00501D62 /* Main.storyboard in Resources */ = {isa = PBXBuildFile; fileRef = 218FAE8219E17D7D00501D62 /* Main.storyboard */; };
		218FAE8619E17D7D00501D62 /* Images.xcassets in Resources */ = {isa = PBXBuildFile; fileRef = 218FAE8519E17D7D00501D62 /* Images.xcassets */; };
		218FAE8919E17D7D00501D62 /* LaunchScreen.xib in Resources */ = {isa = PBXBuildFile; fileRef = 218FAE8719E17D7D00501D62 /* LaunchScreen.xib */; };
		218FAE9519E17D7D00501D62 /* GBATutoAppTests.m in Sources */ = {isa = PBXBuildFile; fileRef = 218FAE9419E17D7D00501D62 /* GBATutoAppTests.m */; };
		218FAEA019E1997000501D62 /* AdvancedUIAsync.m in Sources */ = {isa = PBXBuildFile; fileRef = 218FAE9F19E1997000501D62 /* AdvancedUIAsync.m */; };
/* End PBXBuildFile section */

/* Begin PBXContainerItemProxy section */
		218FAE8F19E17D7D00501D62 /* PBXContainerItemProxy */ = {
			isa = PBXContainerItemProxy;
			containerPortal = 218FAE6D19E17D7D00501D62 /* Project object */;
			proxyType = 1;
			remoteGlobalIDString = 218FAE7419E17D7D00501D62;
			remoteInfo = GBATutoApp;
		};
/* End PBXContainerItemProxy section */

/* Begin PBXFileReference section */
		218FAE7519E17D7D00501D62 /* GBATutoApp.app */ = {isa = PBXFileReference; explicitFileType = wrapper.application; includeInIndex = 0; path = GBATutoApp.app; sourceTree = BUILT_PRODUCTS_DIR; };
		218FAE7919E17D7D00501D62 /* Info.plist */ = {isa = PBXFileReference; lastKnownFileType = text.plist.xml; path = Info.plist; sourceTree = "<group>"; };
		218FAE7A19E17D7D00501D62 /* main.m */ = {isa = PBXFileReference; lastKnownFileType = sourcecode.c.objc; path = main.m; sourceTree = "<group>"; };
		218FAE7C19E17D7D00501D62 /* AppDelegate.h */ = {isa = PBXFileReference; lastKnownFileType = sourcecode.c.h; path = AppDelegate.h; sourceTree = "<group>"; };
		218FAE7D19E17D7D00501D62 /* AppDelegate.m */ = {isa = PBXFileReference; lastKnownFileType = sourcecode.c.objc; path = AppDelegate.m; sourceTree = "<group>"; };
		218FAE7F19E17D7D00501D62 /* TutoTableViewController.h */ = {isa = PBXFileReference; lastKnownFileType = sourcecode.c.h; path = TutoTableViewController.h; sourceTree = "<group>"; };
		218FAE8019E17D7D00501D62 /* TutoTableViewController.m */ = {isa = PBXFileReference; lastKnownFileType = sourcecode.c.objc; path = TutoTableViewController.m; sourceTree = "<group>"; };
		218FAE8319E17D7D00501D62 /* Base */ = {isa = PBXFileReference; lastKnownFileType = file.storyboard; name = Base; path = Base.lproj/Main.storyboard; sourceTree = "<group>"; };
		218FAE8519E17D7D00501D62 /* Images.xcassets */ = {isa = PBXFileReference; lastKnownFileType = folder.assetcatalog; path = Images.xcassets; sourceTree = "<group>"; };
		218FAE8819E17D7D00501D62 /* Base */ = {isa = PBXFileReference; lastKnownFileType = file.xib; name = Base; path = Base.lproj/LaunchScreen.xib; sourceTree = "<group>"; };
		218FAE8E19E17D7D00501D62 /* GBATutoAppTests.xctest */ = {isa = PBXFileReference; explicitFileType = wrapper.cfbundle; includeInIndex = 0; path = GBATutoAppTests.xctest; sourceTree = BUILT_PRODUCTS_DIR; };
		218FAE9319E17D7D00501D62 /* Info.plist */ = {isa = PBXFileReference; lastKnownFileType = text.plist.xml; path = Info.plist; sourceTree = "<group>"; };
		218FAE9419E17D7D00501D62 /* GBATutoAppTests.m */ = {isa = PBXFileReference; lastKnownFileType = sourcecode.c.objc; path = GBATutoAppTests.m; sourceTree = "<group>"; };
		218FAE9E19E1997000501D62 /* AdvancedUIAsync.h */ = {isa = PBXFileReference; fileEncoding = 4; lastKnownFileType = sourcecode.c.h; path = AdvancedUIAsync.h; sourceTree = "<group>"; };
		218FAE9F19E1997000501D62 /* AdvancedUIAsync.m */ = {isa = PBXFileReference; fileEncoding = 4; lastKnownFileType = sourcecode.c.objc; path = AdvancedUIAsync.m; sourceTree = "<group>"; };
/* End PBXFileReference section */

/* Begin PBXFrameworksBuildPhase section */
		218FAE7219E17D7D00501D62 /* Frameworks */ = {
			isa = PBXFrameworksBuildPhase;
			buildActionMask = 2147483647;
			files = (
			);
			runOnlyForDeploymentPostprocessing = 0;
		};
		218FAE8B19E17D7D00501D62 /* Frameworks */ = {
			isa = PBXFrameworksBuildPhase;
			buildActionMask = 2147483647;
			files = (
			);
			runOnlyForDeploymentPostprocessing = 0;
		};
/* End PBXFrameworksBuildPhase section */

/* Begin PBXGroup section */
		218FAE6C19E17D7D00501D62 = {
			isa = PBXGroup;
			children = (
				218FAE7719E17D7D00501D62 /* GBATutoApp */,
				218FAE9119E17D7D00501D62 /* GBATutoAppTests */,
				218FAE7619E17D7D00501D62 /* Products */,
			);
			sourceTree = "<group>";
		};
		218FAE7619E17D7D00501D62 /* Products */ = {
			isa = PBXGroup;
			children = (
				218FAE7519E17D7D00501D62 /* GBATutoApp.app */,
				218FAE8E19E17D7D00501D62 /* GBATutoAppTests.xctest */,
			);
			name = Products;
			sourceTree = "<group>";
		};
		218FAE7719E17D7D00501D62 /* GBATutoApp */ = {
			isa = PBXGroup;
			children = (
				218FAE7C19E17D7D00501D62 /* AppDelegate.h */,
				218FAE7D19E17D7D00501D62 /* AppDelegate.m */,
				218FAE7F19E17D7D00501D62 /* TutoTableViewController.h */,
				218FAE8019E17D7D00501D62 /* TutoTableViewController.m */,
				218FAE8219E17D7D00501D62 /* Main.storyboard */,
				218FAE8519E17D7D00501D62 /* Images.xcassets */,
				218FAE8719E17D7D00501D62 /* LaunchScreen.xib */,
				218FAE7819E17D7D00501D62 /* Supporting Files */,
				218FAE9E19E1997000501D62 /* AdvancedUIAsync.h */,
				218FAE9F19E1997000501D62 /* AdvancedUIAsync.m */,
			);
			path = GBATutoApp;
			sourceTree = "<group>";
		};
		218FAE7819E17D7D00501D62 /* Supporting Files */ = {
			isa = PBXGroup;
			children = (
				218FAE7919E17D7D00501D62 /* Info.plist */,
				218FAE7A19E17D7D00501D62 /* main.m */,
			);
			name = "Supporting Files";
			sourceTree = "<group>";
		};
		218FAE9119E17D7D00501D62 /* GBATutoAppTests */ = {
			isa = PBXGroup;
			children = (
				218FAE9419E17D7D00501D62 /* GBATutoAppTests.m */,
				218FAE9219E17D7D00501D62 /* Supporting Files */,
			);
			path = GBATutoAppTests;
			sourceTree = "<group>";
		};
		218FAE9219E17D7D00501D62 /* Supporting Files */ = {
			isa = PBXGroup;
			children = (
				218FAE9319E17D7D00501D62 /* Info.plist */,
			);
			name = "Supporting Files";
			sourceTree = "<group>";
		};
/* End PBXGroup section */

/* Begin PBXNativeTarget section */
		218FAE7419E17D7D00501D62 /* GBATutoApp */ = {
			isa = PBXNativeTarget;
			buildConfigurationList = 218FAE9819E17D7D00501D62 /* Build configuration list for PBXNativeTarget "GBATutoApp" */;
			buildPhases = (
				218FAE7119E17D7D00501D62 /* Sources */,
				218FAE7219E17D7D00501D62 /* Frameworks */,
				218FAE7319E17D7D00501D62 /* Resources */,
			);
			buildRules = (
			);
			dependencies = (
			);
			name = GBATutoApp;
			productName = GBATutoApp;
			productReference = 218FAE7519E17D7D00501D62 /* GBATutoApp.app */;
			productType = "com.apple.product-type.application";
		};
		218FAE8D19E17D7D00501D62 /* GBATutoAppTests */ = {
			isa = PBXNativeTarget;
			buildConfigurationList = 218FAE9B19E17D7D00501D62 /* Build configuration list for PBXNativeTarget "GBATutoAppTests" */;
			buildPhases = (
				218FAE8A19E17D7D00501D62 /* Sources */,
				218FAE8B19E17D7D00501D62 /* Frameworks */,
				218FAE8C19E17D7D00501D62 /* Resources */,
			);
			buildRules = (
			);
			dependencies = (
				218FAE9019E17D7D00501D62 /* PBXTargetDependency */,
			);
			name = GBATutoAppTests;
			productName = GBATutoAppTests;
			productReference = 218FAE8E19E17D7D00501D62 /* GBATutoAppTests.xctest */;
			productType = "com.apple.product-type.bundle.unit-test";
		};
/* End PBXNativeTarget section */

/* Begin PBXProject section */
		218FAE6D19E17D7D00501D62 /* Project object */ = {
			isa = PBXProject;
			attributes = {
				LastUpgradeCheck = 0600;
				ORGANIZATIONNAME = "Gregory Bataille";
				TargetAttributes = {
					218FAE7419E17D7D00501D62 = {
						CreatedOnToolsVersion = 6.0.1;
					};
					218FAE8D19E17D7D00501D62 = {
						CreatedOnToolsVersion = 6.0.1;
						TestTargetID = 218FAE7419E17D7D00501D62;
					};
				};
			};
			buildConfigurationList = 218FAE7019E17D7D00501D62 /* Build configuration list for PBXProject "GBATutoApp" */;
			compatibilityVersion = "Xcode 3.2";
			developmentRegion = English;
			hasScannedForEncodings = 0;
			knownRegions = (
				en,
				Base,
			);
			mainGroup = 218FAE6C19E17D7D00501D62;
			productRefGroup = 218FAE7619E17D7D00501D62 /* Products */;
			projectDirPath = "";
			projectRoot = "";
			targets = (
				218FAE7419E17D7D00501D62 /* GBATutoApp */,
				218FAE8D19E17D7D00501D62 /* GBATutoAppTests */,
			);
		};
/* End PBXProject section */

/* Begin PBXResourcesBuildPhase section */
		218FAE7319E17D7D00501D62 /* Resources */ = {
			isa = PBXResourcesBuildPhase;
			buildActionMask = 2147483647;
			files = (
				218FAE8419E17D7D00501D62 /* Main.storyboard in Resources */,
				218FAE8919E17D7D00501D62 /* LaunchScreen.xib in Resources */,
				218FAE8619E17D7D00501D62 /* Images.xcassets in Resources */,
			);
			runOnlyForDeploymentPostprocessing = 0;
		};
		218FAE8C19E17D7D00501D62 /* Resources */ = {
			isa = PBXResourcesBuildPhase;
			buildActionMask = 2147483647;
			files = (
			);
			runOnlyForDeploymentPostprocessing = 0;
		};
/* End PBXResourcesBuildPhase section */

/* Begin PBXSourcesBuildPhase section */
		218FAE7119E17D7D00501D62 /* Sources */ = {
			isa = PBXSourcesBuildPhase;
			buildActionMask = 2147483647;
			files = (
				218FAE8119E17D7D00501D62 /* TutoTableViewController.m in Sources */,
				218FAE7E19E17D7D00501D62 /* AppDelegate.m in Sources */,
				218FAEA019E1997000501D62 /* AdvancedUIAsync.m in Sources */,
				218FAE7B19E17D7D00501D62 /* main.m in Sources */,
			);
			runOnlyForDeploymentPostprocessing = 0;
		};
		218FAE8A19E17D7D00501D62 /* Sources */ = {
			isa = PBXSourcesBuildPhase;
			buildActionMask = 2147483647;
			files = (
				218FAE9519E17D7D00501D62 /* GBATutoAppTests.m in Sources */,
			);
			runOnlyForDeploymentPostprocessing = 0;
		};
/* End PBXSourcesBuildPhase section */

/* Begin PBXTargetDependency section */
		218FAE9019E17D7D00501D62 /* PBXTargetDependency */ = {
			isa = PBXTargetDependency;
			target = 218FAE7419E17D7D00501D62 /* GBATutoApp */;
			targetProxy = 218FAE8F19E17D7D00501D62 /* PBXContainerItemProxy */;
		};
/* End PBXTargetDependency section */

/* Begin PBXVariantGroup section */
		218FAE8219E17D7D00501D62 /* Main.storyboard */ = {
			isa = PBXVariantGroup;
			children = (
				218FAE8319E17D7D00501D62 /* Base */,
			);
			name = Main.storyboard;
			sourceTree = "<group>";
		};
		218FAE8719E17D7D00501D62 /* LaunchScreen.xib */ = {
			isa = PBXVariantGroup;
			children = (
				218FAE8819E17D7D00501D62 /* Base */,
			);
			name = LaunchScreen.xib;
			sourceTree = "<group>";
		};
/* End PBXVariantGroup section */

/* Begin XCBuildConfiguration section */
		218FAE9619E17D7D00501D62 /* Debug */ = {
			isa = XCBuildConfiguration;
			buildSettings = {
				ALWAYS_SEARCH_USER_PATHS = NO;
				CLANG_CXX_LANGUAGE_STANDARD = "gnu++0x";
				CLANG_CXX_LIBRARY = "libc++";
				CLANG_ENABLE_MODULES = YES;
				CLANG_ENABLE_OBJC_ARC = YES;
				CLANG_WARN_BOOL_CONVERSION = YES;
				CLANG_WARN_CONSTANT_CONVERSION = YES;
				CLANG_WARN_DIRECT_OBJC_ISA_USAGE = YES_ERROR;
				CLANG_WARN_EMPTY_BODY = YES;
				CLANG_WARN_ENUM_CONVERSION = YES;
				CLANG_WARN_INT_CONVERSION = YES;
				CLANG_WARN_OBJC_ROOT_CLASS = YES_ERROR;
				CLANG_WARN_UNREACHABLE_CODE = YES;
				CLANG_WARN__DUPLICATE_METHOD_MATCH = YES;
				"CODE_SIGN_IDENTITY[sdk=iphoneos*]" = "iPhone Developer";
				COPY_PHASE_STRIP = NO;
				ENABLE_STRICT_OBJC_MSGSEND = YES;
				GCC_C_LANGUAGE_STANDARD = gnu99;
				GCC_DYNAMIC_NO_PIC = NO;
				GCC_OPTIMIZATION_LEVEL = 0;
				GCC_PREPROCESSOR_DEFINITIONS = (
					"DEBUG=1",
					"$(inherited)",
				);
				GCC_SYMBOLS_PRIVATE_EXTERN = NO;
				GCC_WARN_64_TO_32_BIT_CONVERSION = YES;
				GCC_WARN_ABOUT_RETURN_TYPE = YES_ERROR;
				GCC_WARN_UNDECLARED_SELECTOR = YES;
				GCC_WARN_UNINITIALIZED_AUTOS = YES_AGGRESSIVE;
				GCC_WARN_UNUSED_FUNCTION = YES;
				GCC_WARN_UNUSED_VARIABLE = YES;
				IPHONEOS_DEPLOYMENT_TARGET = 8.0;
				MTL_ENABLE_DEBUG_INFO = YES;
				ONLY_ACTIVE_ARCH = YES;
				SDKROOT = iphoneos;
				TARGETED_DEVICE_FAMILY = "1,2";
			};
			name = Debug;
		};
		218FAE9719E17D7D00501D62 /* Release */ = {
			isa = XCBuildConfiguration;
			buildSettings = {
				ALWAYS_SEARCH_USER_PATHS = NO;
				CLANG_CXX_LANGUAGE_STANDARD = "gnu++0x";
				CLANG_CXX_LIBRARY = "libc++";
				CLANG_ENABLE_MODULES = YES;
				CLANG_ENABLE_OBJC_ARC = YES;
				CLANG_WARN_BOOL_CONVERSION = YES;
				CLANG_WARN_CONSTANT_CONVERSION = YES;
				CLANG_WARN_DIRECT_OBJC_ISA_USAGE = YES_ERROR;
				CLANG_WARN_EMPTY_BODY = YES;
				CLANG_WARN_ENUM_CONVERSION = YES;
				CLANG_WARN_INT_CONVERSION = YES;
				CLANG_WARN_OBJC_ROOT_CLASS = YES_ERROR;
				CLANG_WARN_UNREACHABLE_CODE = YES;
				CLANG_WARN__DUPLICATE_METHOD_MATCH = YES;
				"CODE_SIGN_IDENTITY[sdk=iphoneos*]" = "iPhone Developer";
				COPY_PHASE_STRIP = YES;
				ENABLE_NS_ASSERTIONS = NO;
				ENABLE_STRICT_OBJC_MSGSEND = YES;
				GCC_C_LANGUAGE_STANDARD = gnu99;
				GCC_WARN_64_TO_32_BIT_CONVERSION = YES;
				GCC_WARN_ABOUT_RETURN_TYPE = YES_ERROR;
				GCC_WARN_UNDECLARED_SELECTOR = YES;
				GCC_WARN_UNINITIALIZED_AUTOS = YES_AGGRESSIVE;
				GCC_WARN_UNUSED_FUNCTION = YES;
				GCC_WARN_UNUSED_VARIABLE = YES;
				IPHONEOS_DEPLOYMENT_TARGET = 8.0;
				MTL_ENABLE_DEBUG_INFO = NO;
				SDKROOT = iphoneos;
				TARGETED_DEVICE_FAMILY = "1,2";
				VALIDATE_PRODUCT = YES;
			};
			name = Release;
		};
		218FAE9919E17D7D00501D62 /* Debug */ = {
			isa = XCBuildConfiguration;
			buildSettings = {
				ASSETCATALOG_COMPILER_APPICON_NAME = AppIcon;
				INFOPLIST_FILE = GBATutoApp/Info.plist;
				LD_RUNPATH_SEARCH_PATHS = "$(inherited) @executable_path/Frameworks";
				PRODUCT_NAME = "$(TARGET_NAME)";
				TARGETED_DEVICE_FAMILY = 1;
			};
			name = Debug;
		};
		218FAE9A19E17D7D00501D62 /* Release */ = {
			isa = XCBuildConfiguration;
			buildSettings = {
				ASSETCATALOG_COMPILER_APPICON_NAME = AppIcon;
				INFOPLIST_FILE = GBATutoApp/Info.plist;
				LD_RUNPATH_SEARCH_PATHS = "$(inherited) @executable_path/Frameworks";
				PRODUCT_NAME = "$(TARGET_NAME)";
				TARGETED_DEVICE_FAMILY = 1;
			};
			name = Release;
		};
		218FAE9C19E17D7D00501D62 /* Debug */ = {
			isa = XCBuildConfiguration;
			buildSettings = {
				BUNDLE_LOADER = "$(TEST_HOST)";
				FRAMEWORK_SEARCH_PATHS = (
					"$(SDKROOT)/Developer/Library/Frameworks",
					"$(inherited)",
				);
				GCC_PREPROCESSOR_DEFINITIONS = (
					"DEBUG=1",
					"$(inherited)",
				);
				INFOPLIST_FILE = GBATutoAppTests/Info.plist;
				LD_RUNPATH_SEARCH_PATHS = "$(inherited) @executable_path/Frameworks @loader_path/Frameworks";
				PRODUCT_NAME = "$(TARGET_NAME)";
				TEST_HOST = "$(BUILT_PRODUCTS_DIR)/GBATutoApp.app/GBATutoApp";
			};
			name = Debug;
		};
		218FAE9D19E17D7D00501D62 /* Release */ = {
			isa = XCBuildConfiguration;
			buildSettings = {
				BUNDLE_LOADER = "$(TEST_HOST)";
				FRAMEWORK_SEARCH_PATHS = (
					"$(SDKROOT)/Developer/Library/Frameworks",
					"$(inherited)",
				);
				INFOPLIST_FILE = GBATutoAppTests/Info.plist;
				LD_RUNPATH_SEARCH_PATHS = "$(inherited) @executable_path/Frameworks @loader_path/Frameworks";
				PRODUCT_NAME = "$(TARGET_NAME)";
				TEST_HOST = "$(BUILT_PRODUCTS_DIR)/GBATutoApp.app/GBATutoApp";
			};
			name = Release;
		};
/* End XCBuildConfiguration section */

/* Begin XCConfigurationList section */
		218FAE7019E17D7D00501D62 /* Build configuration list for PBXProject "GBATutoApp" */ = {
			isa = XCConfigurationList;
			buildConfigurations = (
				218FAE9619E17D7D00501D62 /* Debug */,
				218FAE9719E17D7D00501D62 /* Release */,
			);
			defaultConfigurationIsVisible = 0;
			defaultConfigurationName = Release;
		};
		218FAE9819E17D7D00501D62 /* Build configuration list for PBXNativeTarget "GBATutoApp" */ = {
			isa = XCConfigurationList;
			buildConfigurations = (
				218FAE9919E17D7D00501D62 /* Debug */,
				218FAE9A19E17D7D00501D62 /* Release */,
			);
			defaultConfigurationIsVisible = 0;
		};
		218FAE9B19E17D7D00501D62 /* Build configuration list for PBXNativeTarget "GBATutoAppTests" */ = {
			isa = XCConfigurationList;
			buildConfigurations = (
				218FAE9C19E17D7D00501D62 /* Debug */,
				218FAE9D19E17D7D00501D62 /* Release */,
			);
			defaultConfigurationIsVisible = 0;
		};
/* End XCConfigurationList section */
	};
	rootObject = 218FAE6D19E17D7D00501D62 /* Project object */;
}
